<?xml version="1.0" encoding="utf-8"?>
<Project ToolsVersion="4.0" xmlns="http://schemas.microsoft.com/developer/msbuild/2003">
  <ItemGroup>
    <Filter Include="Resources">
      <UniqueIdentifier>5fd0e509-b6ae-4f29-bd2a-4d2cc10f3aa0</UniqueIdentifier>
      <Extensions>rc;ico;cur;bmp;dlg;rc2;rct;bin;rgs;gif;jpg;jpeg;jpe;resx;tiff;tif;png;wav;mfcribbon-ms</Extensions>
    </Filter>
    <Filter Include="Library Header Files">
      <UniqueIdentifier>{d8b63ed1-302f-4980-84ed-1e6f686819eb}</UniqueIdentifier>
    </Filter>
  </ItemGroup>
  <ItemGroup>
    <ClCompile Include="MPEGTransportDecoder.Phone.cpp" />
    <ClCompile Include="pch.cpp" />
  </ItemGroup>
  <ItemGroup>
    <ClInclude Include="MPEGTransportDecoder.Phone.h" />
    <ClInclude Include="pch.h" />
    <ClInclude Include="..\libLive555\libLive555.h">
      <Filter>Library Header Files</Filter>
    </ClInclude>
  </ItemGroup>
</Project>